// !$*UTF8*$!
{
	archiveVersion = 1;
	classes = {
	};
	objectVersion = 50;
	objects = {

/* Begin PBXBuildFile section */
		8335040425A601C600511A5A /* index.html in Resources */ = {isa = PBXBuildFile; fileRef = 8335040325A601C600511A5A /* index.html */; };
		8335040725A6158E00511A5A /* README.md in Resources */ = {isa = PBXBuildFile; fileRef = 83C2A2F72582B37800A1EF1A /* README.md */; };
		8335040A25A61FA200511A5A /* test.sbarex_test in Resources */ = {isa = PBXBuildFile; fileRef = 83C2A2F22582B15800A1EF1A /* test.sbarex_test */; };
		8335041C25A6208A00511A5A /* openql.xpc in Embed XPC Services */ = {isa = PBXBuildFile; fileRef = 8335041125A6208A00511A5A /* openql.xpc */; settings = {ATTRIBUTES = (RemoveHeadersOnCopy, ); }; };
		8335042725A622A100511A5A /* external_launcherProtocol.swift in Sources */ = {isa = PBXBuildFile; fileRef = 8335042625A622A100511A5A /* external_launcherProtocol.swift */; };
		8335042825A622A100511A5A /* external_launcher_delegate.swift in Sources */ = {isa = PBXBuildFile; fileRef = 8335042525A622A100511A5A /* external_launcher_delegate.swift */; };
		8335042925A622A100511A5A /* external_launcher.swift in Sources */ = {isa = PBXBuildFile; fileRef = 8335042425A622A100511A5A /* external_launcher.swift */; };
		8335042E25A622A500511A5A /* main.swift in Sources */ = {isa = PBXBuildFile; fileRef = 8335042D25A622A500511A5A /* main.swift */; };
		83C2A2C22582AFB800A1EF1A /* AppDelegate.swift in Sources */ = {isa = PBXBuildFile; fileRef = 83C2A2C12582AFB800A1EF1A /* AppDelegate.swift */; };
		83C2A2C42582AFB800A1EF1A /* ViewController.swift in Sources */ = {isa = PBXBuildFile; fileRef = 83C2A2C32582AFB800A1EF1A /* ViewController.swift */; };
		83C2A2C62582AFBA00A1EF1A /* Assets.xcassets in Resources */ = {isa = PBXBuildFile; fileRef = 83C2A2C52582AFBA00A1EF1A /* Assets.xcassets */; };
		83C2A2C92582AFBA00A1EF1A /* Main.storyboard in Resources */ = {isa = PBXBuildFile; fileRef = 83C2A2C72582AFBA00A1EF1A /* Main.storyboard */; };
		83C2A2D92582AFE000A1EF1A /* Quartz.framework in Frameworks */ = {isa = PBXBuildFile; fileRef = 83C2A2D82582AFE000A1EF1A /* Quartz.framework */; };
		83C2A2DC2582AFE000A1EF1A /* PreviewViewController.swift in Sources */ = {isa = PBXBuildFile; fileRef = 83C2A2DB2582AFE000A1EF1A /* PreviewViewController.swift */; };
		83C2A2DF2582AFE000A1EF1A /* PreviewViewController.xib in Resources */ = {isa = PBXBuildFile; fileRef = 83C2A2DD2582AFE000A1EF1A /* PreviewViewController.xib */; };
		83C2A2E42582AFE000A1EF1A /* QLExt.appex in Embed App Extensions */ = {isa = PBXBuildFile; fileRef = 83C2A2D62582AFE000A1EF1A /* QLExt.appex */; settings = {ATTRIBUTES = (RemoveHeadersOnCopy, ); }; };
/* End PBXBuildFile section */

/* Begin PBXContainerItemProxy section */
		8335041A25A6208A00511A5A /* PBXContainerItemProxy */ = {
			isa = PBXContainerItemProxy;
			containerPortal = 83C2A2B62582AFB800A1EF1A /* Project object */;
			proxyType = 1;
			remoteGlobalIDString = 8335041025A6208A00511A5A;
			remoteInfo = openql;
		};
		83C2A2E22582AFE000A1EF1A /* PBXContainerItemProxy */ = {
			isa = PBXContainerItemProxy;
			containerPortal = 83C2A2B62582AFB800A1EF1A /* Project object */;
			proxyType = 1;
			remoteGlobalIDString = 83C2A2D52582AFE000A1EF1A;
			remoteInfo = QLExt;
		};
/* End PBXContainerItemProxy section */

/* Begin PBXCopyFilesBuildPhase section */
		8335042025A6208A00511A5A /* Embed XPC Services */ = {
			isa = PBXCopyFilesBuildPhase;
			buildActionMask = 2147483647;
			dstPath = "$(CONTENTS_FOLDER_PATH)/XPCServices";
			dstSubfolderSpec = 16;
			files = (
				8335041C25A6208A00511A5A /* openql.xpc in Embed XPC Services */,
			);
			name = "Embed XPC Services";
			runOnlyForDeploymentPostprocessing = 0;
		};
		83C2A2E82582AFE000A1EF1A /* Embed App Extensions */ = {
			isa = PBXCopyFilesBuildPhase;
			buildActionMask = 2147483647;
			dstPath = "";
			dstSubfolderSpec = 13;
			files = (
				83C2A2E42582AFE000A1EF1A /* QLExt.appex in Embed App Extensions */,
			);
			name = "Embed App Extensions";
			runOnlyForDeploymentPostprocessing = 0;
		};
/* End PBXCopyFilesBuildPhase section */

/* Begin PBXFileReference section */
		8335040325A601C600511A5A /* index.html */ = {isa = PBXFileReference; lastKnownFileType = text.html; path = index.html; sourceTree = "<group>"; };
		8335041125A6208A00511A5A /* openql.xpc */ = {isa = PBXFileReference; explicitFileType = "wrapper.xpc-service"; includeInIndex = 0; path = openql.xpc; sourceTree = BUILT_PRODUCTS_DIR; };
		8335041925A6208A00511A5A /* Info.plist */ = {isa = PBXFileReference; lastKnownFileType = text.plist.xml; path = Info.plist; sourceTree = "<group>"; };
		8335042425A622A100511A5A /* external_launcher.swift */ = {isa = PBXFileReference; lastKnownFileType = sourcecode.swift; path = external_launcher.swift; sourceTree = "<group>"; };
		8335042525A622A100511A5A /* external_launcher_delegate.swift */ = {isa = PBXFileReference; lastKnownFileType = sourcecode.swift; path = external_launcher_delegate.swift; sourceTree = "<group>"; };
		8335042625A622A100511A5A /* external_launcherProtocol.swift */ = {isa = PBXFileReference; lastKnownFileType = sourcecode.swift; path = external_launcherProtocol.swift; sourceTree = "<group>"; };
		8335042D25A622A500511A5A /* main.swift */ = {isa = PBXFileReference; lastKnownFileType = sourcecode.swift; path = main.swift; sourceTree = "<group>"; };
		83C2A2BE2582AFB800A1EF1A /* QLTest.app */ = {isa = PBXFileReference; explicitFileType = wrapper.application; includeInIndex = 0; path = QLTest.app; sourceTree = BUILT_PRODUCTS_DIR; };
		83C2A2C12582AFB800A1EF1A /* AppDelegate.swift */ = {isa = PBXFileReference; lastKnownFileType = sourcecode.swift; path = AppDelegate.swift; sourceTree = "<group>"; };
		83C2A2C32582AFB800A1EF1A /* ViewController.swift */ = {isa = PBXFileReference; lastKnownFileType = sourcecode.swift; path = ViewController.swift; sourceTree = "<group>"; };
		83C2A2C52582AFBA00A1EF1A /* Assets.xcassets */ = {isa = PBXFileReference; lastKnownFileType = folder.assetcatalog; path = Assets.xcassets; sourceTree = "<group>"; };
		83C2A2C82582AFBA00A1EF1A /* Base */ = {isa = PBXFileReference; lastKnownFileType = file.storyboard; name = Base; path = Base.lproj/Main.storyboard; sourceTree = "<group>"; };
		83C2A2CA2582AFBA00A1EF1A /* Info.plist */ = {isa = PBXFileReference; lastKnownFileType = text.plist.xml; path = Info.plist; sourceTree = "<group>"; };
		83C2A2CB2582AFBA00A1EF1A /* QLTest.entitlements */ = {isa = PBXFileReference; lastKnownFileType = text.plist.entitlements; path = QLTest.entitlements; sourceTree = "<group>"; };
		83C2A2D62582AFE000A1EF1A /* QLExt.appex */ = {isa = PBXFileReference; explicitFileType = "wrapper.app-extension"; includeInIndex = 0; path = QLExt.appex; sourceTree = BUILT_PRODUCTS_DIR; };
		83C2A2D82582AFE000A1EF1A /* Quartz.framework */ = {isa = PBXFileReference; lastKnownFileType = wrapper.framework; name = Quartz.framework; path = System/Library/Frameworks/Quartz.framework; sourceTree = SDKROOT; };
		83C2A2DB2582AFE000A1EF1A /* PreviewViewController.swift */ = {isa = PBXFileReference; lastKnownFileType = sourcecode.swift; path = PreviewViewController.swift; sourceTree = "<group>"; };
		83C2A2DE2582AFE000A1EF1A /* Base */ = {isa = PBXFileReference; lastKnownFileType = file.xib; name = Base; path = Base.lproj/PreviewViewController.xib; sourceTree = "<group>"; };
		83C2A2E02582AFE000A1EF1A /* Info.plist */ = {isa = PBXFileReference; lastKnownFileType = text.plist.xml; path = Info.plist; sourceTree = "<group>"; };
		83C2A2E12582AFE000A1EF1A /* QLExt.entitlements */ = {isa = PBXFileReference; lastKnownFileType = text.plist.entitlements; path = QLExt.entitlements; sourceTree = "<group>"; };
		83C2A2F22582B15800A1EF1A /* test.sbarex_test */ = {isa = PBXFileReference; lastKnownFileType = text; path = test.sbarex_test; sourceTree = "<group>"; };
		83C2A2F72582B37800A1EF1A /* README.md */ = {isa = PBXFileReference; lastKnownFileType = net.daringfireball.markdown; path = README.md; sourceTree = "<group>"; };
/* End PBXFileReference section */

/* Begin PBXFrameworksBuildPhase section */
		8335040E25A6208A00511A5A /* Frameworks */ = {
			isa = PBXFrameworksBuildPhase;
			buildActionMask = 2147483647;
			files = (
			);
			runOnlyForDeploymentPostprocessing = 0;
		};
		83C2A2BB2582AFB800A1EF1A /* Frameworks */ = {
			isa = PBXFrameworksBuildPhase;
			buildActionMask = 2147483647;
			files = (
			);
			runOnlyForDeploymentPostprocessing = 0;
		};
		83C2A2D32582AFE000A1EF1A /* Frameworks */ = {
			isa = PBXFrameworksBuildPhase;
			buildActionMask = 2147483647;
			files = (
				83C2A2D92582AFE000A1EF1A /* Quartz.framework in Frameworks */,
			);
			runOnlyForDeploymentPostprocessing = 0;
		};
/* End PBXFrameworksBuildPhase section */

/* Begin PBXGroup section */
		8335041225A6208A00511A5A /* openql */ = {
			isa = PBXGroup;
			children = (
				8335042D25A622A500511A5A /* main.swift */,
				8335042525A622A100511A5A /* external_launcher_delegate.swift */,
				8335042425A622A100511A5A /* external_launcher.swift */,
				8335042625A622A100511A5A /* external_launcherProtocol.swift */,
				8335041925A6208A00511A5A /* Info.plist */,
			);
			path = openql;
			sourceTree = "<group>";
		};
		83C2A2B52582AFB800A1EF1A = {
			isa = PBXGroup;
			children = (
				83C2A2F72582B37800A1EF1A /* README.md */,
				83C2A2F22582B15800A1EF1A /* test.sbarex_test */,
				83C2A2C02582AFB800A1EF1A /* QLTest */,
				83C2A2DA2582AFE000A1EF1A /* QLExt */,
				8335041225A6208A00511A5A /* openql */,
				83C2A2D72582AFE000A1EF1A /* Frameworks */,
				83C2A2BF2582AFB800A1EF1A /* Products */,
			);
			sourceTree = "<group>";
		};
		83C2A2BF2582AFB800A1EF1A /* Products */ = {
			isa = PBXGroup;
			children = (
				83C2A2BE2582AFB800A1EF1A /* QLTest.app */,
				83C2A2D62582AFE000A1EF1A /* QLExt.appex */,
				8335041125A6208A00511A5A /* openql.xpc */,
			);
			name = Products;
			sourceTree = "<group>";
		};
		83C2A2C02582AFB800A1EF1A /* QLTest */ = {
			isa = PBXGroup;
			children = (
				83C2A2C12582AFB800A1EF1A /* AppDelegate.swift */,
				83C2A2C32582AFB800A1EF1A /* ViewController.swift */,
				83C2A2C52582AFBA00A1EF1A /* Assets.xcassets */,
				83C2A2C72582AFBA00A1EF1A /* Main.storyboard */,
				83C2A2CA2582AFBA00A1EF1A /* Info.plist */,
				83C2A2CB2582AFBA00A1EF1A /* QLTest.entitlements */,
			);
			path = QLTest;
			sourceTree = "<group>";
		};
		83C2A2D72582AFE000A1EF1A /* Frameworks */ = {
			isa = PBXGroup;
			children = (
				83C2A2D82582AFE000A1EF1A /* Quartz.framework */,
			);
			name = Frameworks;
			sourceTree = "<group>";
		};
		83C2A2DA2582AFE000A1EF1A /* QLExt */ = {
			isa = PBXGroup;
			children = (
				83C2A2DB2582AFE000A1EF1A /* PreviewViewController.swift */,
				83C2A2DD2582AFE000A1EF1A /* PreviewViewController.xib */,
				83C2A2E02582AFE000A1EF1A /* Info.plist */,
				83C2A2E12582AFE000A1EF1A /* QLExt.entitlements */,
				8335040325A601C600511A5A /* index.html */,
			);
			path = QLExt;
			sourceTree = "<group>";
		};
/* End PBXGroup section */

/* Begin PBXNativeTarget section */
		8335041025A6208A00511A5A /* openql */ = {
			isa = PBXNativeTarget;
			buildConfigurationList = 8335041D25A6208A00511A5A /* Build configuration list for PBXNativeTarget "openql" */;
			buildPhases = (
				8335040D25A6208A00511A5A /* Sources */,
				8335040E25A6208A00511A5A /* Frameworks */,
				8335040F25A6208A00511A5A /* Resources */,
			);
			buildRules = (
			);
			dependencies = (
			);
			name = openql;
			productName = openql;
			productReference = 8335041125A6208A00511A5A /* openql.xpc */;
			productType = "com.apple.product-type.xpc-service";
		};
		83C2A2BD2582AFB800A1EF1A /* QLTest */ = {
			isa = PBXNativeTarget;
			buildConfigurationList = 83C2A2CE2582AFBA00A1EF1A /* Build configuration list for PBXNativeTarget "QLTest" */;
			buildPhases = (
				83C2A2BA2582AFB800A1EF1A /* Sources */,
				83C2A2BB2582AFB800A1EF1A /* Frameworks */,
				83C2A2BC2582AFB800A1EF1A /* Resources */,
				83C2A2E82582AFE000A1EF1A /* Embed App Extensions */,
				8335042025A6208A00511A5A /* Embed XPC Services */,
			);
			buildRules = (
			);
			dependencies = (
				83C2A2E32582AFE000A1EF1A /* PBXTargetDependency */,
				8335041B25A6208A00511A5A /* PBXTargetDependency */,
			);
			name = QLTest;
			productName = QLTest;
			productReference = 83C2A2BE2582AFB800A1EF1A /* QLTest.app */;
			productType = "com.apple.product-type.application";
		};
		83C2A2D52582AFE000A1EF1A /* QLExt */ = {
			isa = PBXNativeTarget;
			buildConfigurationList = 83C2A2E52582AFE000A1EF1A /* Build configuration list for PBXNativeTarget "QLExt" */;
			buildPhases = (
				83C2A2D22582AFE000A1EF1A /* Sources */,
				83C2A2D32582AFE000A1EF1A /* Frameworks */,
				83C2A2D42582AFE000A1EF1A /* Resources */,
			);
			buildRules = (
			);
			dependencies = (
			);
			name = QLExt;
			productName = QLExt;
			productReference = 83C2A2D62582AFE000A1EF1A /* QLExt.appex */;
			productType = "com.apple.product-type.app-extension";
		};
/* End PBXNativeTarget section */

/* Begin PBXProject section */
		83C2A2B62582AFB800A1EF1A /* Project object */ = {
			isa = PBXProject;
			attributes = {
				LastSwiftUpdateCheck = 1220;
				LastUpgradeCheck = 1220;
				TargetAttributes = {
					8335041025A6208A00511A5A = {
						CreatedOnToolsVersion = 12.3;
					};
					83C2A2BD2582AFB800A1EF1A = {
						CreatedOnToolsVersion = 12.2;
					};
					83C2A2D52582AFE000A1EF1A = {
						CreatedOnToolsVersion = 12.2;
					};
				};
			};
			buildConfigurationList = 83C2A2B92582AFB800A1EF1A /* Build configuration list for PBXProject "QLTest" */;
			compatibilityVersion = "Xcode 9.3";
			developmentRegion = en;
			hasScannedForEncodings = 0;
			knownRegions = (
				en,
				Base,
			);
			mainGroup = 83C2A2B52582AFB800A1EF1A;
			productRefGroup = 83C2A2BF2582AFB800A1EF1A /* Products */;
			projectDirPath = "";
			projectRoot = "";
			targets = (
				83C2A2BD2582AFB800A1EF1A /* QLTest */,
				83C2A2D52582AFE000A1EF1A /* QLExt */,
				8335041025A6208A00511A5A /* openql */,
			);
		};
/* End PBXProject section */

/* Begin PBXResourcesBuildPhase section */
		8335040F25A6208A00511A5A /* Resources */ = {
			isa = PBXResourcesBuildPhase;
			buildActionMask = 2147483647;
			files = (
			);
			runOnlyForDeploymentPostprocessing = 0;
		};
		83C2A2BC2582AFB800A1EF1A /* Resources */ = {
			isa = PBXResourcesBuildPhase;
			buildActionMask = 2147483647;
			files = (
				8335040725A6158E00511A5A /* README.md in Resources */,
				83C2A2C62582AFBA00A1EF1A /* Assets.xcassets in Resources */,
				8335040A25A61FA200511A5A /* test.sbarex_test in Resources */,
				83C2A2C92582AFBA00A1EF1A /* Main.storyboard in Resources */,
			);
			runOnlyForDeploymentPostprocessing = 0;
		};
		83C2A2D42582AFE000A1EF1A /* Resources */ = {
			isa = PBXResourcesBuildPhase;
			buildActionMask = 2147483647;
			files = (
				83C2A2DF2582AFE000A1EF1A /* PreviewViewController.xib in Resources */,
				8335040425A601C600511A5A /* index.html in Resources */,
			);
			runOnlyForDeploymentPostprocessing = 0;
		};
/* End PBXResourcesBuildPhase section */

/* Begin PBXSourcesBuildPhase section */
		8335040D25A6208A00511A5A /* Sources */ = {
			isa = PBXSourcesBuildPhase;
			buildActionMask = 2147483647;
			files = (
				8335042925A622A100511A5A /* external_launcher.swift in Sources */,
				8335042E25A622A500511A5A /* main.swift in Sources */,
				8335042725A622A100511A5A /* external_launcherProtocol.swift in Sources */,
				8335042825A622A100511A5A /* external_launcher_delegate.swift in Sources */,
			);
			runOnlyForDeploymentPostprocessing = 0;
		};
		83C2A2BA2582AFB800A1EF1A /* Sources */ = {
			isa = PBXSourcesBuildPhase;
			buildActionMask = 2147483647;
			files = (
				83C2A2C42582AFB800A1EF1A /* ViewController.swift in Sources */,
				83C2A2C22582AFB800A1EF1A /* AppDelegate.swift in Sources */,
			);
			runOnlyForDeploymentPostprocessing = 0;
		};
		83C2A2D22582AFE000A1EF1A /* Sources */ = {
			isa = PBXSourcesBuildPhase;
			buildActionMask = 2147483647;
			files = (
				83C2A2DC2582AFE000A1EF1A /* PreviewViewController.swift in Sources */,
			);
			runOnlyForDeploymentPostprocessing = 0;
		};
/* End PBXSourcesBuildPhase section */

/* Begin PBXTargetDependency section */
		8335041B25A6208A00511A5A /* PBXTargetDependency */ = {
			isa = PBXTargetDependency;
			target = 8335041025A6208A00511A5A /* openql */;
			targetProxy = 8335041A25A6208A00511A5A /* PBXContainerItemProxy */;
		};
		83C2A2E32582AFE000A1EF1A /* PBXTargetDependency */ = {
			isa = PBXTargetDependency;
			target = 83C2A2D52582AFE000A1EF1A /* QLExt */;
			targetProxy = 83C2A2E22582AFE000A1EF1A /* PBXContainerItemProxy */;
		};
/* End PBXTargetDependency section */

/* Begin PBXVariantGroup section */
		83C2A2C72582AFBA00A1EF1A /* Main.storyboard */ = {
			isa = PBXVariantGroup;
			children = (
				83C2A2C82582AFBA00A1EF1A /* Base */,
			);
			name = Main.storyboard;
			sourceTree = "<group>";
		};
		83C2A2DD2582AFE000A1EF1A /* PreviewViewController.xib */ = {
			isa = PBXVariantGroup;
			children = (
				83C2A2DE2582AFE000A1EF1A /* Base */,
			);
			name = PreviewViewController.xib;
			sourceTree = "<group>";
		};
/* End PBXVariantGroup section */

/* Begin XCBuildConfiguration section */
		8335041E25A6208A00511A5A /* Debug */ = {
			isa = XCBuildConfiguration;
			buildSettings = {
				CODE_SIGN_IDENTITY = "-";
				CODE_SIGN_STYLE = Automatic;
				COMBINE_HIDPI_IMAGES = YES;
				DEVELOPMENT_TEAM = "";
				INFOPLIST_FILE = openql/Info.plist;
				MACOSX_DEPLOYMENT_TARGET = 10.15;
				PRODUCT_BUNDLE_IDENTIFIER = org.sbarex.qltest.openql;
				PRODUCT_NAME = "$(TARGET_NAME)";
				SKIP_INSTALL = YES;
				SWIFT_VERSION = 5.0;
			};
			name = Debug;
		};
		8335041F25A6208A00511A5A /* Release */ = {
			isa = XCBuildConfiguration;
			buildSettings = {
				CODE_SIGN_IDENTITY = "-";
				CODE_SIGN_STYLE = Automatic;
				COMBINE_HIDPI_IMAGES = YES;
				DEVELOPMENT_TEAM = "";
				INFOPLIST_FILE = openql/Info.plist;
				MACOSX_DEPLOYMENT_TARGET = 10.15;
				PRODUCT_BUNDLE_IDENTIFIER = org.sbarex.qltest.openql;
				PRODUCT_NAME = "$(TARGET_NAME)";
				SKIP_INSTALL = YES;
				SWIFT_VERSION = 5.0;
			};
			name = Release;
		};
		83C2A2CC2582AFBA00A1EF1A /* Debug */ = {
			isa = XCBuildConfiguration;
			buildSettings = {
				ALWAYS_SEARCH_USER_PATHS = NO;
				CLANG_ANALYZER_NONNULL = YES;
				CLANG_ANALYZER_NUMBER_OBJECT_CONVERSION = YES_AGGRESSIVE;
				CLANG_CXX_LANGUAGE_STANDARD = "gnu++14";
				CLANG_CXX_LIBRARY = "libc++";
				CLANG_ENABLE_MODULES = YES;
				CLANG_ENABLE_OBJC_ARC = YES;
				CLANG_ENABLE_OBJC_WEAK = YES;
				CLANG_WARN_BLOCK_CAPTURE_AUTORELEASING = YES;
				CLANG_WARN_BOOL_CONVERSION = YES;
				CLANG_WARN_COMMA = YES;
				CLANG_WARN_CONSTANT_CONVERSION = YES;
				CLANG_WARN_DEPRECATED_OBJC_IMPLEMENTATIONS = YES;
				CLANG_WARN_DIRECT_OBJC_ISA_USAGE = YES_ERROR;
				CLANG_WARN_DOCUMENTATION_COMMENTS = YES;
				CLANG_WARN_EMPTY_BODY = YES;
				CLANG_WARN_ENUM_CONVERSION = YES;
				CLANG_WARN_INFINITE_RECURSION = YES;
				CLANG_WARN_INT_CONVERSION = YES;
				CLANG_WARN_NON_LITERAL_NULL_CONVERSION = YES;
				CLANG_WARN_OBJC_IMPLICIT_RETAIN_SELF = YES;
				CLANG_WARN_OBJC_LITERAL_CONVERSION = YES;
				CLANG_WARN_OBJC_ROOT_CLASS = YES_ERROR;
				CLANG_WARN_QUOTED_INCLUDE_IN_FRAMEWORK_HEADER = YES;
				CLANG_WARN_RANGE_LOOP_ANALYSIS = YES;
				CLANG_WARN_STRICT_PROTOTYPES = YES;
				CLANG_WARN_SUSPICIOUS_MOVE = YES;
				CLANG_WARN_UNGUARDED_AVAILABILITY = YES_AGGRESSIVE;
				CLANG_WARN_UNREACHABLE_CODE = YES;
				CLANG_WARN__DUPLICATE_METHOD_MATCH = YES;
				COPY_PHASE_STRIP = NO;
				DEBUG_INFORMATION_FORMAT = dwarf;
				ENABLE_STRICT_OBJC_MSGSEND = YES;
				ENABLE_TESTABILITY = YES;
				GCC_C_LANGUAGE_STANDARD = gnu11;
				GCC_DYNAMIC_NO_PIC = NO;
				GCC_NO_COMMON_BLOCKS = YES;
				GCC_OPTIMIZATION_LEVEL = 0;
				GCC_PREPROCESSOR_DEFINITIONS = (
					"DEBUG=1",
					"$(inherited)",
				);
				GCC_WARN_64_TO_32_BIT_CONVERSION = YES;
				GCC_WARN_ABOUT_RETURN_TYPE = YES_ERROR;
				GCC_WARN_UNDECLARED_SELECTOR = YES;
				GCC_WARN_UNINITIALIZED_AUTOS = YES_AGGRESSIVE;
				GCC_WARN_UNUSED_FUNCTION = YES;
				GCC_WARN_UNUSED_VARIABLE = YES;
				MACOSX_DEPLOYMENT_TARGET = 11.0;
				MTL_ENABLE_DEBUG_INFO = INCLUDE_SOURCE;
				MTL_FAST_MATH = YES;
				ONLY_ACTIVE_ARCH = YES;
				SDKROOT = macosx;
				SWIFT_ACTIVE_COMPILATION_CONDITIONS = DEBUG;
				SWIFT_OPTIMIZATION_LEVEL = "-Onone";
			};
			name = Debug;
		};
		83C2A2CD2582AFBA00A1EF1A /* Release */ = {
			isa = XCBuildConfiguration;
			buildSettings = {
				ALWAYS_SEARCH_USER_PATHS = NO;
				CLANG_ANALYZER_NONNULL = YES;
				CLANG_ANALYZER_NUMBER_OBJECT_CONVERSION = YES_AGGRESSIVE;
				CLANG_CXX_LANGUAGE_STANDARD = "gnu++14";
				CLANG_CXX_LIBRARY = "libc++";
				CLANG_ENABLE_MODULES = YES;
				CLANG_ENABLE_OBJC_ARC = YES;
				CLANG_ENABLE_OBJC_WEAK = YES;
				CLANG_WARN_BLOCK_CAPTURE_AUTORELEASING = YES;
				CLANG_WARN_BOOL_CONVERSION = YES;
				CLANG_WARN_COMMA = YES;
				CLANG_WARN_CONSTANT_CONVERSION = YES;
				CLANG_WARN_DEPRECATED_OBJC_IMPLEMENTATIONS = YES;
				CLANG_WARN_DIRECT_OBJC_ISA_USAGE = YES_ERROR;
				CLANG_WARN_DOCUMENTATION_COMMENTS = YES;
				CLANG_WARN_EMPTY_BODY = YES;
				CLANG_WARN_ENUM_CONVERSION = YES;
				CLANG_WARN_INFINITE_RECURSION = YES;
				CLANG_WARN_INT_CONVERSION = YES;
				CLANG_WARN_NON_LITERAL_NULL_CONVERSION = YES;
				CLANG_WARN_OBJC_IMPLICIT_RETAIN_SELF = YES;
				CLANG_WARN_OBJC_LITERAL_CONVERSION = YES;
				CLANG_WARN_OBJC_ROOT_CLASS = YES_ERROR;
				CLANG_WARN_QUOTED_INCLUDE_IN_FRAMEWORK_HEADER = YES;
				CLANG_WARN_RANGE_LOOP_ANALYSIS = YES;
				CLANG_WARN_STRICT_PROTOTYPES = YES;
				CLANG_WARN_SUSPICIOUS_MOVE = YES;
				CLANG_WARN_UNGUARDED_AVAILABILITY = YES_AGGRESSIVE;
				CLANG_WARN_UNREACHABLE_CODE = YES;
				CLANG_WARN__DUPLICATE_METHOD_MATCH = YES;
				COPY_PHASE_STRIP = NO;
				DEBUG_INFORMATION_FORMAT = "dwarf-with-dsym";
				ENABLE_NS_ASSERTIONS = NO;
				ENABLE_STRICT_OBJC_MSGSEND = YES;
				GCC_C_LANGUAGE_STANDARD = gnu11;
				GCC_NO_COMMON_BLOCKS = YES;
				GCC_WARN_64_TO_32_BIT_CONVERSION = YES;
				GCC_WARN_ABOUT_RETURN_TYPE = YES_ERROR;
				GCC_WARN_UNDECLARED_SELECTOR = YES;
				GCC_WARN_UNINITIALIZED_AUTOS = YES_AGGRESSIVE;
				GCC_WARN_UNUSED_FUNCTION = YES;
				GCC_WARN_UNUSED_VARIABLE = YES;
				MACOSX_DEPLOYMENT_TARGET = 11.0;
				MTL_ENABLE_DEBUG_INFO = NO;
				MTL_FAST_MATH = YES;
				SDKROOT = macosx;
				SWIFT_COMPILATION_MODE = wholemodule;
				SWIFT_OPTIMIZATION_LEVEL = "-O";
			};
			name = Release;
		};
		83C2A2CF2582AFBA00A1EF1A /* Debug */ = {
			isa = XCBuildConfiguration;
			buildSettings = {
				ALWAYS_EMBED_SWIFT_STANDARD_LIBRARIES = YES;
				ASSETCATALOG_COMPILER_APPICON_NAME = AppIcon;
				ASSETCATALOG_COMPILER_GLOBAL_ACCENT_COLOR_NAME = AccentColor;
				CODE_SIGN_ENTITLEMENTS = QLTest/QLTest.entitlements;
				CODE_SIGN_IDENTITY = "-";
				CODE_SIGN_STYLE = Automatic;
				COMBINE_HIDPI_IMAGES = YES;
				DEVELOPMENT_TEAM = "";
				INFOPLIST_FILE = QLTest/Info.plist;
				LD_RUNPATH_SEARCH_PATHS = (
					"$(inherited)",
					"@executable_path/../Frameworks",
				);
				MACOSX_DEPLOYMENT_TARGET = 10.15;
				PRODUCT_BUNDLE_IDENTIFIER = org.sbarex.QLTest;
				PRODUCT_NAME = "$(TARGET_NAME)";
				SWIFT_VERSION = 5.0;
			};
			name = Debug;
		};
		83C2A2D02582AFBA00A1EF1A /* Release */ = {
			isa = XCBuildConfiguration;
			buildSettings = {
				ALWAYS_EMBED_SWIFT_STANDARD_LIBRARIES = YES;
				ASSETCATALOG_COMPILER_APPICON_NAME = AppIcon;
				ASSETCATALOG_COMPILER_GLOBAL_ACCENT_COLOR_NAME = AccentColor;
				CODE_SIGN_ENTITLEMENTS = QLTest/QLTest.entitlements;
				CODE_SIGN_IDENTITY = "-";
				CODE_SIGN_STYLE = Automatic;
				COMBINE_HIDPI_IMAGES = YES;
				DEVELOPMENT_TEAM = "";
				INFOPLIST_FILE = QLTest/Info.plist;
				LD_RUNPATH_SEARCH_PATHS = (
					"$(inherited)",
					"@executable_path/../Frameworks",
				);
				MACOSX_DEPLOYMENT_TARGET = 10.15;
				PRODUCT_BUNDLE_IDENTIFIER = org.sbarex.QLTest;
				PRODUCT_NAME = "$(TARGET_NAME)";
				SWIFT_VERSION = 5.0;
			};
			name = Release;
		};
		83C2A2E62582AFE000A1EF1A /* Debug */ = {
			isa = XCBuildConfiguration;
			buildSettings = {
				CODE_SIGN_ENTITLEMENTS = QLExt/QLExt.entitlements;
				CODE_SIGN_IDENTITY = "-";
				CODE_SIGN_STYLE = Automatic;
				DEVELOPMENT_TEAM = "";
				INFOPLIST_FILE = QLExt/Info.plist;
				LD_RUNPATH_SEARCH_PATHS = (
					"$(inherited)",
					"@executable_path/../Frameworks",
					"@executable_path/../../../../Frameworks",
				);
				MACOSX_DEPLOYMENT_TARGET = 10.15;
				PRODUCT_BUNDLE_IDENTIFIER = org.sbarex.QLTest.QLExt;
				PRODUCT_NAME = "$(TARGET_NAME)";
				SKIP_INSTALL = YES;
				SWIFT_VERSION = 5.0;
			};
			name = Debug;
		};
		83C2A2E72582AFE000A1EF1A /* Release */ = {
			isa = XCBuildConfiguration;
			buildSettings = {
				CODE_SIGN_ENTITLEMENTS = QLExt/QLExt.entitlements;
				CODE_SIGN_IDENTITY = "-";
				CODE_SIGN_STYLE = Automatic;
				DEVELOPMENT_TEAM = "";
				INFOPLIST_FILE = QLExt/Info.plist;
				LD_RUNPATH_SEARCH_PATHS = (
					"$(inherited)",
					"@executable_path/../Frameworks",
					"@executable_path/../../../../Frameworks",
				);
				MACOSX_DEPLOYMENT_TARGET = 10.15;
				PRODUCT_BUNDLE_IDENTIFIER = org.sbarex.QLTest.QLExt;
				PRODUCT_NAME = "$(TARGET_NAME)";
				SKIP_INSTALL = YES;
				SWIFT_VERSION = 5.0;
			};
			name = Release;
		};
/* End XCBuildConfiguration section */

/* Begin XCConfigurationList section */
		8335041D25A6208A00511A5A /* Build configuration list for PBXNativeTarget "openql" */ = {
			isa = XCConfigurationList;
			buildConfigurations = (
				8335041E25A6208A00511A5A /* Debug */,
				8335041F25A6208A00511A5A /* Release */,
			);
			defaultConfigurationIsVisible = 0;
			defaultConfigurationName = Release;
		};
		83C2A2B92582AFB800A1EF1A /* Build configuration list for PBXProject "QLTest" */ = {
			isa = XCConfigurationList;
			buildConfigurations = (
				83C2A2CC2582AFBA00A1EF1A /* Debug */,
				83C2A2CD2582AFBA00A1EF1A /* Release */,
			);
			defaultConfigurationIsVisible = 0;
			defaultConfigurationName = Release;
		};
		83C2A2CE2582AFBA00A1EF1A /* Build configuration list for PBXNativeTarget "QLTest" */ = {
			isa = XCConfigurationList;
			buildConfigurations = (
				83C2A2CF2582AFBA00A1EF1A /* Debug */,
				83C2A2D02582AFBA00A1EF1A /* Release */,
			);
			defaultConfigurationIsVisible = 0;
			defaultConfigurationName = Release;
		};
		83C2A2E52582AFE000A1EF1A /* Build configuration list for PBXNativeTarget "QLExt" */ = {
			isa = XCConfigurationList;
			buildConfigurations = (
				83C2A2E62582AFE000A1EF1A /* Debug */,
				83C2A2E72582AFE000A1EF1A /* Release */,
			);
			defaultConfigurationIsVisible = 0;
			defaultConfigurationName = Release;
		};
/* End XCConfigurationList section */
	};
	rootObject = 83C2A2B62582AFB800A1EF1A /* Project object */;
}
